{
  "name": "hckr.github.io",
  "version": "1.0.0",
  "lockfileVersion": 1,
  "requires": true,
  "dependencies": {
    "hjson": {
      "version": "3.2.1",
      "resolved": "https://registry.npmjs.org/hjson/-/hjson-3.2.1.tgz",
      "integrity": "sha512-OhhrFMeC7dVuA1xvxuXGTv/yTdhTvbe8hz+3LgVNsfi9+vgz0sF/RrkuX8eegpKaMc9cwYwydImBH6iePoJtdQ=="
    },
    "prismjs": {
      "version": "1.27.0",
      "resolved": "https://registry.npmjs.org/prismjs/-/prismjs-1.27.0.tgz",
      "integrity": "sha512-t13BGPUlFDR7wRB5kQDG4jjl7XeuH6jbJGt11JHPL96qwsEHNX2+68tFXqc1/k+/jALsbSWJKUOT/hcYAZ5LkA=="
    }
  }
}
