{
  "name": "hckr.github.io",
  "version": "1.0.0",
  "lockfileVersion": 1,
  "requires": true,
  "dependencies": {
    "hjson": {
      "version": "3.2.1",
      "resolved": "https://registry.npmjs.org/hjson/-/hjson-3.2.1.tgz",
      "integrity": "sha512-OhhrFMeC7dVuA1xvxuXGTv/yTdhTvbe8hz+3LgVNsfi9+vgz0sF/RrkuX8eegpKaMc9cwYwydImBH6iePoJtdQ=="
    },
    "prismjs": {
      "version": "1.24.0",
      "resolved": "https://registry.npmjs.org/prismjs/-/prismjs-1.24.0.tgz",
      "integrity": "sha512-SqV5GRsNqnzCL8k5dfAjCNhUrF3pR0A9lTDSCUZeh/LIshheXJEaP0hwLz2t4XHivd2J/v2HR+gRnigzeKe3cQ=="
    }
  }
}
