{
  "name": "hckr.github.io",
  "version": "1.0.0",
  "lockfileVersion": 1,
  "requires": true,
  "dependencies": {
    "hjson": {
      "version": "3.2.1",
      "resolved": "https://registry.npmjs.org/hjson/-/hjson-3.2.1.tgz",
      "integrity": "sha512-OhhrFMeC7dVuA1xvxuXGTv/yTdhTvbe8hz+3LgVNsfi9+vgz0sF/RrkuX8eegpKaMc9cwYwydImBH6iePoJtdQ=="
    },
    "prismjs": {
      "version": "1.30.0",
      "resolved": "https://registry.npmjs.org/prismjs/-/prismjs-1.30.0.tgz",
      "integrity": "sha512-DEvV2ZF2r2/63V+tK8hQvrR2ZGn10srHbXviTlcv7Kpzw8jWiNTqbVgjO3IY8RxrrOUF8VPMQQFysYYYv0YZxw=="
    }
  }
}
